PODS:
  - MetalPetal (1.8.0):
    - MetalPetal/Core (= 1.8.0)
  - MetalPetal/Core (1.8.0)

DEPENDENCIES:
  - MetalPetal

SPEC REPOS:
  trunk:
    - MetalPetal

SPEC CHECKSUMS:
  MetalPetal: 1720e3d54f6a2502fe0b1f40756cfc5c667c6ac3

PODFILE CHECKSUM: c21a5d46d824be685f2949ca4ef75c333ad152cf

COCOAPODS: 1.8.4
