PODS:
  - MetalPetal (0.5.2):
    - MetalPetal/Core (= 0.5.2)
  - MetalPetal/Core (0.5.2)

DEPENDENCIES:
  - MetalPetal

SPEC REPOS:
  https://github.com/CocoaPods/Specs.git:
    - MetalPetal

SPEC CHECKSUMS:
  MetalPetal: d6cfdab456d9bdf202c48488cd9e2a60f4da694b

PODFILE CHECKSUM: c21a5d46d824be685f2949ca4ef75c333ad152cf

COCOAPODS: 1.5.0
