// !$*UTF8*$!
{
	archiveVersion = 1;
	classes = {
	};
	objectVersion = 50;
	objects = {

/* Begin PBXBuildFile section */
		6C6C88BFBC95C7EDDE5BA9ED /* Pods_MetalFilters.framework in Frameworks */ = {isa = PBXBuildFile; fileRef = B817D3CCD2892291BA74BE47 /* Pods_MetalFilters.framework */; };
		A35A3F2920CA9DD600DB327F /* IFMoonFilter.swift in Sources */ = {isa = PBXBuildFile; fileRef = A35A3F2820CA9DD600DB327F /* IFMoonFilter.swift */; };
		A35A3F2B20CA9EF900DB327F /* IFMoonFilter.metal in Sources */ = {isa = PBXBuildFile; fileRef = A35A3F2A20CA9EF900DB327F /* IFMoonFilter.metal */; };
		A36133C120C665A70022F27C /* AppDelegate.swift in Sources */ = {isa = PBXBuildFile; fileRef = A36133C020C665A70022F27C /* AppDelegate.swift */; };
		A36133C620C665A70022F27C /* Main.storyboard in Resources */ = {isa = PBXBuildFile; fileRef = A36133C420C665A70022F27C /* Main.storyboard */; };
		A36133C820C665A70022F27C /* Assets.xcassets in Resources */ = {isa = PBXBuildFile; fileRef = A36133C720C665A70022F27C /* Assets.xcassets */; };
		A36133CB20C665A70022F27C /* LaunchScreen.storyboard in Resources */ = {isa = PBXBuildFile; fileRef = A36133C920C665A70022F27C /* LaunchScreen.storyboard */; };
		A36133D320C6663A0022F27C /* FilterAssets.bundle in Resources */ = {isa = PBXBuildFile; fileRef = A36133D220C6663A0022F27C /* FilterAssets.bundle */; };
		A36133D620C666B50022F27C /* IF1977Filter.swift in Sources */ = {isa = PBXBuildFile; fileRef = A36133D520C666B50022F27C /* IF1977Filter.swift */; };
		A36133D820C666D50022F27C /* IFValenciaFilter.swift in Sources */ = {isa = PBXBuildFile; fileRef = A36133D720C666D50022F27C /* IFValenciaFilter.swift */; };
		A36133DA20C666E50022F27C /* InstaFilters.metal in Sources */ = {isa = PBXBuildFile; fileRef = A36133D920C666E50022F27C /* InstaFilters.metal */; };
		A36133DC20C6672D0022F27C /* IFToasterFilter.swift in Sources */ = {isa = PBXBuildFile; fileRef = A36133DB20C6672D0022F27C /* IFToasterFilter.swift */; };
		A3700A2B20C906F3005300B8 /* IMG_8957.JPG in Resources */ = {isa = PBXBuildFile; fileRef = A3700A2A20C906F3005300B8 /* IMG_8957.JPG */; };
		A3700A2D20C91791005300B8 /* IFFilter.swift in Sources */ = {isa = PBXBuildFile; fileRef = A3700A2C20C91791005300B8 /* IFFilter.swift */; };
		A37083C420CABD5600153693 /* IFHudsonFilter.metal in Sources */ = {isa = PBXBuildFile; fileRef = A37083C320CABD5600153693 /* IFHudsonFilter.metal */; };
		A370842020CAC38600153693 /* IFEarlybirdFilter.metal in Sources */ = {isa = PBXBuildFile; fileRef = A370841F20CAC38600153693 /* IFEarlybirdFilter.metal */; };
		A370842220CAC3A200153693 /* IFEarlybirdFilter.swift in Sources */ = {isa = PBXBuildFile; fileRef = A370842120CAC3A200153693 /* IFEarlybirdFilter.swift */; };
		A371AB5320C77F3B004D291F /* CameraViewController.swift in Sources */ = {isa = PBXBuildFile; fileRef = A371AB5220C77F3B004D291F /* CameraViewController.swift */; };
		A38FC65A20CB7979002CA905 /* MainViewController.swift in Sources */ = {isa = PBXBuildFile; fileRef = A38FC65920CB7979002CA905 /* MainViewController.swift */; };
		A38FC65C20CB7995002CA905 /* IFToasterFilter.metal in Sources */ = {isa = PBXBuildFile; fileRef = A38FC65B20CB7995002CA905 /* IFToasterFilter.metal */; };
		A38FC65E20CB79A9002CA905 /* IFSutroFilter.metal in Sources */ = {isa = PBXBuildFile; fileRef = A38FC65D20CB79A9002CA905 /* IFSutroFilter.metal */; };
		A38FC66020CB85B2002CA905 /* PhotoEditorViewController.swift in Sources */ = {isa = PBXBuildFile; fileRef = A38FC65F20CB85B2002CA905 /* PhotoEditorViewController.swift */; };
		A39C114F20CA59160095E3E4 /* IFAmaroFilter.metal in Sources */ = {isa = PBXBuildFile; fileRef = A39C114E20CA59160095E3E4 /* IFAmaroFilter.metal */; };
		A39C115220CA59790095E3E4 /* IFValenciaFilter.metal in Sources */ = {isa = PBXBuildFile; fileRef = A39C115120CA59790095E3E4 /* IFValenciaFilter.metal */; };
		A39C115420CA59B60095E3E4 /* IF1977Filter.metal in Sources */ = {isa = PBXBuildFile; fileRef = A39C115320CA59B60095E3E4 /* IF1977Filter.metal */; };
		A3B48D3B20C93C4100E8C2E8 /* IFSutroFilter.swift in Sources */ = {isa = PBXBuildFile; fileRef = A3B48D3A20C93C4100E8C2E8 /* IFSutroFilter.swift */; };
		A3B48D3D20C9419900E8C2E8 /* IFHudsonFilter.swift in Sources */ = {isa = PBXBuildFile; fileRef = A3B48D3C20C9419900E8C2E8 /* IFHudsonFilter.swift */; };
		A3B48D3F20C943FB00E8C2E8 /* IFAmaroFilter.swift in Sources */ = {isa = PBXBuildFile; fileRef = A3B48D3E20C943FB00E8C2E8 /* IFAmaroFilter.swift */; };
		A3B48D4120C948B600E8C2E8 /* InstagramFilters.swift in Sources */ = {isa = PBXBuildFile; fileRef = A3B48D4020C948B600E8C2E8 /* InstagramFilters.swift */; };
/* End PBXBuildFile section */

/* Begin PBXFileReference section */
		5ECEE1FADC6C7F777DB3FBE7 /* Pods-MetalFilters.debug.xcconfig */ = {isa = PBXFileReference; includeInIndex = 1; lastKnownFileType = text.xcconfig; name = "Pods-MetalFilters.debug.xcconfig"; path = "Pods/Target Support Files/Pods-MetalFilters/Pods-MetalFilters.debug.xcconfig"; sourceTree = "<group>"; };
		8CF694358EC8CD79BA5C6B8E /* Pods-MetalFilters.release.xcconfig */ = {isa = PBXFileReference; includeInIndex = 1; lastKnownFileType = text.xcconfig; name = "Pods-MetalFilters.release.xcconfig"; path = "Pods/Target Support Files/Pods-MetalFilters/Pods-MetalFilters.release.xcconfig"; sourceTree = "<group>"; };
		A35A3F2820CA9DD600DB327F /* IFMoonFilter.swift */ = {isa = PBXFileReference; lastKnownFileType = sourcecode.swift; path = IFMoonFilter.swift; sourceTree = "<group>"; };
		A35A3F2A20CA9EF900DB327F /* IFMoonFilter.metal */ = {isa = PBXFileReference; lastKnownFileType = sourcecode.metal; path = IFMoonFilter.metal; sourceTree = "<group>"; };
		A36133BD20C665A70022F27C /* MetalFilters.app */ = {isa = PBXFileReference; explicitFileType = wrapper.application; includeInIndex = 0; path = MetalFilters.app; sourceTree = BUILT_PRODUCTS_DIR; };
		A36133C020C665A70022F27C /* AppDelegate.swift */ = {isa = PBXFileReference; lastKnownFileType = sourcecode.swift; path = AppDelegate.swift; sourceTree = "<group>"; };
		A36133C520C665A70022F27C /* Base */ = {isa = PBXFileReference; lastKnownFileType = file.storyboard; name = Base; path = Base.lproj/Main.storyboard; sourceTree = "<group>"; };
		A36133C720C665A70022F27C /* Assets.xcassets */ = {isa = PBXFileReference; lastKnownFileType = folder.assetcatalog; path = Assets.xcassets; sourceTree = "<group>"; };
		A36133CA20C665A70022F27C /* Base */ = {isa = PBXFileReference; lastKnownFileType = file.storyboard; name = Base; path = Base.lproj/LaunchScreen.storyboard; sourceTree = "<group>"; };
		A36133CC20C665A70022F27C /* Info.plist */ = {isa = PBXFileReference; lastKnownFileType = text.plist.xml; path = Info.plist; sourceTree = "<group>"; };
		A36133D220C6663A0022F27C /* FilterAssets.bundle */ = {isa = PBXFileReference; lastKnownFileType = "wrapper.plug-in"; path = FilterAssets.bundle; sourceTree = "<group>"; };
		A36133D520C666B50022F27C /* IF1977Filter.swift */ = {isa = PBXFileReference; lastKnownFileType = sourcecode.swift; path = IF1977Filter.swift; sourceTree = "<group>"; };
		A36133D720C666D50022F27C /* IFValenciaFilter.swift */ = {isa = PBXFileReference; lastKnownFileType = sourcecode.swift; path = IFValenciaFilter.swift; sourceTree = "<group>"; };
		A36133D920C666E50022F27C /* InstaFilters.metal */ = {isa = PBXFileReference; lastKnownFileType = sourcecode.metal; path = InstaFilters.metal; sourceTree = "<group>"; };
		A36133DB20C6672D0022F27C /* IFToasterFilter.swift */ = {isa = PBXFileReference; lastKnownFileType = sourcecode.swift; path = IFToasterFilter.swift; sourceTree = "<group>"; };
		A3700A2A20C906F3005300B8 /* IMG_8957.JPG */ = {isa = PBXFileReference; lastKnownFileType = image.jpeg; path = IMG_8957.JPG; sourceTree = "<group>"; };
		A3700A2C20C91791005300B8 /* IFFilter.swift */ = {isa = PBXFileReference; lastKnownFileType = sourcecode.swift; path = IFFilter.swift; sourceTree = "<group>"; };
		A37083C320CABD5600153693 /* IFHudsonFilter.metal */ = {isa = PBXFileReference; lastKnownFileType = sourcecode.metal; path = IFHudsonFilter.metal; sourceTree = "<group>"; };
		A370841F20CAC38600153693 /* IFEarlybirdFilter.metal */ = {isa = PBXFileReference; lastKnownFileType = sourcecode.metal; path = IFEarlybirdFilter.metal; sourceTree = "<group>"; };
		A370842120CAC3A200153693 /* IFEarlybirdFilter.swift */ = {isa = PBXFileReference; lastKnownFileType = sourcecode.swift; path = IFEarlybirdFilter.swift; sourceTree = "<group>"; };
		A371AB5220C77F3B004D291F /* CameraViewController.swift */ = {isa = PBXFileReference; lastKnownFileType = sourcecode.swift; path = CameraViewController.swift; sourceTree = "<group>"; };
		A38FC65920CB7979002CA905 /* MainViewController.swift */ = {isa = PBXFileReference; lastKnownFileType = sourcecode.swift; path = MainViewController.swift; sourceTree = "<group>"; };
		A38FC65B20CB7995002CA905 /* IFToasterFilter.metal */ = {isa = PBXFileReference; lastKnownFileType = sourcecode.metal; path = IFToasterFilter.metal; sourceTree = "<group>"; };
		A38FC65D20CB79A9002CA905 /* IFSutroFilter.metal */ = {isa = PBXFileReference; lastKnownFileType = sourcecode.metal; path = IFSutroFilter.metal; sourceTree = "<group>"; };
		A38FC65F20CB85B2002CA905 /* PhotoEditorViewController.swift */ = {isa = PBXFileReference; lastKnownFileType = sourcecode.swift; path = PhotoEditorViewController.swift; sourceTree = "<group>"; };
		A39C114E20CA59160095E3E4 /* IFAmaroFilter.metal */ = {isa = PBXFileReference; lastKnownFileType = sourcecode.metal; path = IFAmaroFilter.metal; sourceTree = "<group>"; };
		A39C115120CA59790095E3E4 /* IFValenciaFilter.metal */ = {isa = PBXFileReference; lastKnownFileType = sourcecode.metal; path = IFValenciaFilter.metal; sourceTree = "<group>"; };
		A39C115320CA59B60095E3E4 /* IF1977Filter.metal */ = {isa = PBXFileReference; lastKnownFileType = sourcecode.metal; path = IF1977Filter.metal; sourceTree = "<group>"; };
		A39C115520CA59FD0095E3E4 /* IFShaderLib.h */ = {isa = PBXFileReference; lastKnownFileType = sourcecode.c.h; path = IFShaderLib.h; sourceTree = "<group>"; };
		A3B48D3A20C93C4100E8C2E8 /* IFSutroFilter.swift */ = {isa = PBXFileReference; lastKnownFileType = sourcecode.swift; path = IFSutroFilter.swift; sourceTree = "<group>"; };
		A3B48D3C20C9419900E8C2E8 /* IFHudsonFilter.swift */ = {isa = PBXFileReference; lastKnownFileType = sourcecode.swift; path = IFHudsonFilter.swift; sourceTree = "<group>"; };
		A3B48D3E20C943FB00E8C2E8 /* IFAmaroFilter.swift */ = {isa = PBXFileReference; lastKnownFileType = sourcecode.swift; path = IFAmaroFilter.swift; sourceTree = "<group>"; };
		A3B48D4020C948B600E8C2E8 /* InstagramFilters.swift */ = {isa = PBXFileReference; lastKnownFileType = sourcecode.swift; path = InstagramFilters.swift; sourceTree = "<group>"; };
		B817D3CCD2892291BA74BE47 /* Pods_MetalFilters.framework */ = {isa = PBXFileReference; explicitFileType = wrapper.framework; includeInIndex = 0; path = Pods_MetalFilters.framework; sourceTree = BUILT_PRODUCTS_DIR; };
/* End PBXFileReference section */

/* Begin PBXFrameworksBuildPhase section */
		A36133BA20C665A70022F27C /* Frameworks */ = {
			isa = PBXFrameworksBuildPhase;
			buildActionMask = 2147483647;
			files = (
				6C6C88BFBC95C7EDDE5BA9ED /* Pods_MetalFilters.framework in Frameworks */,
			);
			runOnlyForDeploymentPostprocessing = 0;
		};
/* End PBXFrameworksBuildPhase section */

/* Begin PBXGroup section */
		986207A828BBFFA5A2C78A66 /* Pods */ = {
			isa = PBXGroup;
			children = (
				5ECEE1FADC6C7F777DB3FBE7 /* Pods-MetalFilters.debug.xcconfig */,
				8CF694358EC8CD79BA5C6B8E /* Pods-MetalFilters.release.xcconfig */,
			);
			name = Pods;
			sourceTree = "<group>";
		};
		A36133B420C665A70022F27C = {
			isa = PBXGroup;
			children = (
				A36133BF20C665A70022F27C /* MetalFilters */,
				A36133BE20C665A70022F27C /* Products */,
				986207A828BBFFA5A2C78A66 /* Pods */,
				F5AA97785B502832B3C3352B /* Frameworks */,
			);
			sourceTree = "<group>";
		};
		A36133BE20C665A70022F27C /* Products */ = {
			isa = PBXGroup;
			children = (
				A36133BD20C665A70022F27C /* MetalFilters.app */,
			);
			name = Products;
			sourceTree = "<group>";
		};
		A36133BF20C665A70022F27C /* MetalFilters */ = {
			isa = PBXGroup;
			children = (
				A38FC66220CB8613002CA905 /* ViewControllers */,
				A36133D420C6666F0022F27C /* InstaFilters */,
				A38FC66120CB85F4002CA905 /* Supports */,
				A36133C020C665A70022F27C /* AppDelegate.swift */,
				A3B48D4020C948B600E8C2E8 /* InstagramFilters.swift */,
				A36133CC20C665A70022F27C /* Info.plist */,
			);
			path = MetalFilters;
			sourceTree = "<group>";
		};
		A36133D420C6666F0022F27C /* InstaFilters */ = {
			isa = PBXGroup;
			children = (
				A36133D920C666E50022F27C /* InstaFilters.metal */,
				A39C115520CA59FD0095E3E4 /* IFShaderLib.h */,
				A3700A2C20C91791005300B8 /* IFFilter.swift */,
				A36133D520C666B50022F27C /* IF1977Filter.swift */,
				A39C115320CA59B60095E3E4 /* IF1977Filter.metal */,
				A3B48D3E20C943FB00E8C2E8 /* IFAmaroFilter.swift */,
				A39C114E20CA59160095E3E4 /* IFAmaroFilter.metal */,
				A36133D720C666D50022F27C /* IFValenciaFilter.swift */,
				A39C115120CA59790095E3E4 /* IFValenciaFilter.metal */,
				A35A3F2820CA9DD600DB327F /* IFMoonFilter.swift */,
				A35A3F2A20CA9EF900DB327F /* IFMoonFilter.metal */,
				A3B48D3C20C9419900E8C2E8 /* IFHudsonFilter.swift */,
				A37083C320CABD5600153693 /* IFHudsonFilter.metal */,
				A370842120CAC3A200153693 /* IFEarlybirdFilter.swift */,
				A370841F20CAC38600153693 /* IFEarlybirdFilter.metal */,
				A3B48D3A20C93C4100E8C2E8 /* IFSutroFilter.swift */,
				A38FC65D20CB79A9002CA905 /* IFSutroFilter.metal */,
				A36133DB20C6672D0022F27C /* IFToasterFilter.swift */,
				A38FC65B20CB7995002CA905 /* IFToasterFilter.metal */,
			);
			path = InstaFilters;
			sourceTree = "<group>";
		};
		A38FC66120CB85F4002CA905 /* Supports */ = {
			isa = PBXGroup;
			children = (
				A36133C420C665A70022F27C /* Main.storyboard */,
				A3700A2A20C906F3005300B8 /* IMG_8957.JPG */,
				A36133C920C665A70022F27C /* LaunchScreen.storyboard */,
				A36133D220C6663A0022F27C /* FilterAssets.bundle */,
				A36133C720C665A70022F27C /* Assets.xcassets */,
			);
			path = Supports;
			sourceTree = "<group>";
		};
		A38FC66220CB8613002CA905 /* ViewControllers */ = {
			isa = PBXGroup;
			children = (
				A371AB5220C77F3B004D291F /* CameraViewController.swift */,
				A38FC65920CB7979002CA905 /* MainViewController.swift */,
				A38FC65F20CB85B2002CA905 /* PhotoEditorViewController.swift */,
			);
			path = ViewControllers;
			sourceTree = "<group>";
		};
		F5AA97785B502832B3C3352B /* Frameworks */ = {
			isa = PBXGroup;
			children = (
				B817D3CCD2892291BA74BE47 /* Pods_MetalFilters.framework */,
			);
			name = Frameworks;
			sourceTree = "<group>";
		};
/* End PBXGroup section */

/* Begin PBXNativeTarget section */
		A36133BC20C665A70022F27C /* MetalFilters */ = {
			isa = PBXNativeTarget;
			buildConfigurationList = A36133CF20C665A70022F27C /* Build configuration list for PBXNativeTarget "MetalFilters" */;
			buildPhases = (
				4E39381F8587B58D24E4015F /* [CP] Check Pods Manifest.lock */,
				A36133B920C665A70022F27C /* Sources */,
				A36133BA20C665A70022F27C /* Frameworks */,
				A36133BB20C665A70022F27C /* Resources */,
				082C8D4B961A6BBB0F4A629C /* [CP] Embed Pods Frameworks */,
			);
			buildRules = (
			);
			dependencies = (
			);
			name = MetalFilters;
			productName = MetalFilters;
			productReference = A36133BD20C665A70022F27C /* MetalFilters.app */;
			productType = "com.apple.product-type.application";
		};
/* End PBXNativeTarget section */

/* Begin PBXProject section */
		A36133B520C665A70022F27C /* Project object */ = {
			isa = PBXProject;
			attributes = {
				LastSwiftUpdateCheck = 0940;
				LastUpgradeCheck = 0940;
				ORGANIZATIONNAME = shuifeng.me;
				TargetAttributes = {
					A36133BC20C665A70022F27C = {
						CreatedOnToolsVersion = 9.4;
					};
				};
			};
			buildConfigurationList = A36133B820C665A70022F27C /* Build configuration list for PBXProject "MetalFilters" */;
			compatibilityVersion = "Xcode 9.3";
			developmentRegion = en;
			hasScannedForEncodings = 0;
			knownRegions = (
				en,
				Base,
			);
			mainGroup = A36133B420C665A70022F27C;
			productRefGroup = A36133BE20C665A70022F27C /* Products */;
			projectDirPath = "";
			projectRoot = "";
			targets = (
				A36133BC20C665A70022F27C /* MetalFilters */,
			);
		};
/* End PBXProject section */

/* Begin PBXResourcesBuildPhase section */
		A36133BB20C665A70022F27C /* Resources */ = {
			isa = PBXResourcesBuildPhase;
			buildActionMask = 2147483647;
			files = (
				A36133D320C6663A0022F27C /* FilterAssets.bundle in Resources */,
				A3700A2B20C906F3005300B8 /* IMG_8957.JPG in Resources */,
				A36133CB20C665A70022F27C /* LaunchScreen.storyboard in Resources */,
				A36133C820C665A70022F27C /* Assets.xcassets in Resources */,
				A36133C620C665A70022F27C /* Main.storyboard in Resources */,
			);
			runOnlyForDeploymentPostprocessing = 0;
		};
/* End PBXResourcesBuildPhase section */

/* Begin PBXShellScriptBuildPhase section */
		082C8D4B961A6BBB0F4A629C /* [CP] Embed Pods Frameworks */ = {
			isa = PBXShellScriptBuildPhase;
			buildActionMask = 2147483647;
			files = (
			);
			inputPaths = (
				"${SRCROOT}/Pods/Target Support Files/Pods-MetalFilters/Pods-MetalFilters-frameworks.sh",
				"${BUILT_PRODUCTS_DIR}/MTCameraKit/MTCameraKit.framework",
				"${BUILT_PRODUCTS_DIR}/MetalPetal/MetalPetal.framework",
			);
			name = "[CP] Embed Pods Frameworks";
			outputPaths = (
				"${TARGET_BUILD_DIR}/${FRAMEWORKS_FOLDER_PATH}/MTCameraKit.framework",
				"${TARGET_BUILD_DIR}/${FRAMEWORKS_FOLDER_PATH}/MetalPetal.framework",
			);
			runOnlyForDeploymentPostprocessing = 0;
			shellPath = /bin/sh;
			shellScript = "\"${SRCROOT}/Pods/Target Support Files/Pods-MetalFilters/Pods-MetalFilters-frameworks.sh\"\n";
			showEnvVarsInLog = 0;
		};
		4E39381F8587B58D24E4015F /* [CP] Check Pods Manifest.lock */ = {
			isa = PBXShellScriptBuildPhase;
			buildActionMask = 2147483647;
			files = (
			);
			inputPaths = (
				"${PODS_PODFILE_DIR_PATH}/Podfile.lock",
				"${PODS_ROOT}/Manifest.lock",
			);
			name = "[CP] Check Pods Manifest.lock";
			outputPaths = (
				"$(DERIVED_FILE_DIR)/Pods-MetalFilters-checkManifestLockResult.txt",
			);
			runOnlyForDeploymentPostprocessing = 0;
			shellPath = /bin/sh;
			shellScript = "diff \"${PODS_PODFILE_DIR_PATH}/Podfile.lock\" \"${PODS_ROOT}/Manifest.lock\" > /dev/null\nif [ $? != 0 ] ; then\n    # print error to STDERR\n    echo \"error: The sandbox is not in sync with the Podfile.lock. Run 'pod install' or update your CocoaPods installation.\" >&2\n    exit 1\nfi\n# This output is used by Xcode 'outputs' to avoid re-running this script phase.\necho \"SUCCESS\" > \"${SCRIPT_OUTPUT_FILE_0}\"\n";
			showEnvVarsInLog = 0;
		};
/* End PBXShellScriptBuildPhase section */

/* Begin PBXSourcesBuildPhase section */
		A36133B920C665A70022F27C /* Sources */ = {
			isa = PBXSourcesBuildPhase;
			buildActionMask = 2147483647;
			files = (
				A38FC65A20CB7979002CA905 /* MainViewController.swift in Sources */,
				A39C115420CA59B60095E3E4 /* IF1977Filter.metal in Sources */,
				A38FC66020CB85B2002CA905 /* PhotoEditorViewController.swift in Sources */,
				A370842220CAC3A200153693 /* IFEarlybirdFilter.swift in Sources */,
				A3B48D4120C948B600E8C2E8 /* InstagramFilters.swift in Sources */,
				A36133DA20C666E50022F27C /* InstaFilters.metal in Sources */,
				A36133DC20C6672D0022F27C /* IFToasterFilter.swift in Sources */,
				A39C115220CA59790095E3E4 /* IFValenciaFilter.metal in Sources */,
				A38FC65C20CB7995002CA905 /* IFToasterFilter.metal in Sources */,
				A37083C420CABD5600153693 /* IFHudsonFilter.metal in Sources */,
				A3B48D3B20C93C4100E8C2E8 /* IFSutroFilter.swift in Sources */,
				A38FC65E20CB79A9002CA905 /* IFSutroFilter.metal in Sources */,
				A36133D820C666D50022F27C /* IFValenciaFilter.swift in Sources */,
				A3B48D3D20C9419900E8C2E8 /* IFHudsonFilter.swift in Sources */,
				A371AB5320C77F3B004D291F /* CameraViewController.swift in Sources */,
				A36133C120C665A70022F27C /* AppDelegate.swift in Sources */,
				A35A3F2B20CA9EF900DB327F /* IFMoonFilter.metal in Sources */,
				A35A3F2920CA9DD600DB327F /* IFMoonFilter.swift in Sources */,
				A3700A2D20C91791005300B8 /* IFFilter.swift in Sources */,
				A370842020CAC38600153693 /* IFEarlybirdFilter.metal in Sources */,
				A39C114F20CA59160095E3E4 /* IFAmaroFilter.metal in Sources */,
				A3B48D3F20C943FB00E8C2E8 /* IFAmaroFilter.swift in Sources */,
				A36133D620C666B50022F27C /* IF1977Filter.swift in Sources */,
			);
			runOnlyForDeploymentPostprocessing = 0;
		};
/* End PBXSourcesBuildPhase section */

/* Begin PBXVariantGroup section */
		A36133C420C665A70022F27C /* Main.storyboard */ = {
			isa = PBXVariantGroup;
			children = (
				A36133C520C665A70022F27C /* Base */,
			);
			name = Main.storyboard;
			sourceTree = "<group>";
		};
		A36133C920C665A70022F27C /* LaunchScreen.storyboard */ = {
			isa = PBXVariantGroup;
			children = (
				A36133CA20C665A70022F27C /* Base */,
			);
			name = LaunchScreen.storyboard;
			sourceTree = "<group>";
		};
/* End PBXVariantGroup section */

/* Begin XCBuildConfiguration section */
		A36133CD20C665A70022F27C /* Debug */ = {
			isa = XCBuildConfiguration;
			buildSettings = {
				ALWAYS_SEARCH_USER_PATHS = NO;
				CLANG_ANALYZER_NONNULL = YES;
				CLANG_ANALYZER_NUMBER_OBJECT_CONVERSION = YES_AGGRESSIVE;
				CLANG_CXX_LANGUAGE_STANDARD = "gnu++14";
				CLANG_CXX_LIBRARY = "libc++";
				CLANG_ENABLE_MODULES = YES;
				CLANG_ENABLE_OBJC_ARC = YES;
				CLANG_ENABLE_OBJC_WEAK = YES;
				CLANG_WARN_BLOCK_CAPTURE_AUTORELEASING = YES;
				CLANG_WARN_BOOL_CONVERSION = YES;
				CLANG_WARN_COMMA = YES;
				CLANG_WARN_CONSTANT_CONVERSION = YES;
				CLANG_WARN_DEPRECATED_OBJC_IMPLEMENTATIONS = YES;
				CLANG_WARN_DIRECT_OBJC_ISA_USAGE = YES_ERROR;
				CLANG_WARN_DOCUMENTATION_COMMENTS = YES;
				CLANG_WARN_EMPTY_BODY = YES;
				CLANG_WARN_ENUM_CONVERSION = YES;
				CLANG_WARN_INFINITE_RECURSION = YES;
				CLANG_WARN_INT_CONVERSION = YES;
				CLANG_WARN_NON_LITERAL_NULL_CONVERSION = YES;
				CLANG_WARN_OBJC_IMPLICIT_RETAIN_SELF = YES;
				CLANG_WARN_OBJC_LITERAL_CONVERSION = YES;
				CLANG_WARN_OBJC_ROOT_CLASS = YES_ERROR;
				CLANG_WARN_RANGE_LOOP_ANALYSIS = YES;
				CLANG_WARN_STRICT_PROTOTYPES = YES;
				CLANG_WARN_SUSPICIOUS_MOVE = YES;
				CLANG_WARN_UNGUARDED_AVAILABILITY = YES_AGGRESSIVE;
				CLANG_WARN_UNREACHABLE_CODE = YES;
				CLANG_WARN__DUPLICATE_METHOD_MATCH = YES;
				CODE_SIGN_IDENTITY = "iPhone Developer";
				COPY_PHASE_STRIP = NO;
				DEBUG_INFORMATION_FORMAT = dwarf;
				ENABLE_STRICT_OBJC_MSGSEND = YES;
				ENABLE_TESTABILITY = YES;
				GCC_C_LANGUAGE_STANDARD = gnu11;
				GCC_DYNAMIC_NO_PIC = NO;
				GCC_NO_COMMON_BLOCKS = YES;
				GCC_OPTIMIZATION_LEVEL = 0;
				GCC_PREPROCESSOR_DEFINITIONS = (
					"DEBUG=1",
					"$(inherited)",
				);
				GCC_WARN_64_TO_32_BIT_CONVERSION = YES;
				GCC_WARN_ABOUT_RETURN_TYPE = YES_ERROR;
				GCC_WARN_UNDECLARED_SELECTOR = YES;
				GCC_WARN_UNINITIALIZED_AUTOS = YES_AGGRESSIVE;
				GCC_WARN_UNUSED_FUNCTION = YES;
				GCC_WARN_UNUSED_VARIABLE = YES;
				IPHONEOS_DEPLOYMENT_TARGET = 11.4;
				MTL_ENABLE_DEBUG_INFO = YES;
				ONLY_ACTIVE_ARCH = YES;
				SDKROOT = iphoneos;
				SWIFT_ACTIVE_COMPILATION_CONDITIONS = DEBUG;
				SWIFT_OPTIMIZATION_LEVEL = "-Onone";
			};
			name = Debug;
		};
		A36133CE20C665A70022F27C /* Release */ = {
			isa = XCBuildConfiguration;
			buildSettings = {
				ALWAYS_SEARCH_USER_PATHS = NO;
				CLANG_ANALYZER_NONNULL = YES;
				CLANG_ANALYZER_NUMBER_OBJECT_CONVERSION = YES_AGGRESSIVE;
				CLANG_CXX_LANGUAGE_STANDARD = "gnu++14";
				CLANG_CXX_LIBRARY = "libc++";
				CLANG_ENABLE_MODULES = YES;
				CLANG_ENABLE_OBJC_ARC = YES;
				CLANG_ENABLE_OBJC_WEAK = YES;
				CLANG_WARN_BLOCK_CAPTURE_AUTORELEASING = YES;
				CLANG_WARN_BOOL_CONVERSION = YES;
				CLANG_WARN_COMMA = YES;
				CLANG_WARN_CONSTANT_CONVERSION = YES;
				CLANG_WARN_DEPRECATED_OBJC_IMPLEMENTATIONS = YES;
				CLANG_WARN_DIRECT_OBJC_ISA_USAGE = YES_ERROR;
				CLANG_WARN_DOCUMENTATION_COMMENTS = YES;
				CLANG_WARN_EMPTY_BODY = YES;
				CLANG_WARN_ENUM_CONVERSION = YES;
				CLANG_WARN_INFINITE_RECURSION = YES;
				CLANG_WARN_INT_CONVERSION = YES;
				CLANG_WARN_NON_LITERAL_NULL_CONVERSION = YES;
				CLANG_WARN_OBJC_IMPLICIT_RETAIN_SELF = YES;
				CLANG_WARN_OBJC_LITERAL_CONVERSION = YES;
				CLANG_WARN_OBJC_ROOT_CLASS = YES_ERROR;
				CLANG_WARN_RANGE_LOOP_ANALYSIS = YES;
				CLANG_WARN_STRICT_PROTOTYPES = YES;
				CLANG_WARN_SUSPICIOUS_MOVE = YES;
				CLANG_WARN_UNGUARDED_AVAILABILITY = YES_AGGRESSIVE;
				CLANG_WARN_UNREACHABLE_CODE = YES;
				CLANG_WARN__DUPLICATE_METHOD_MATCH = YES;
				CODE_SIGN_IDENTITY = "iPhone Developer";
				COPY_PHASE_STRIP = NO;
				DEBUG_INFORMATION_FORMAT = "dwarf-with-dsym";
				ENABLE_NS_ASSERTIONS = NO;
				ENABLE_STRICT_OBJC_MSGSEND = YES;
				GCC_C_LANGUAGE_STANDARD = gnu11;
				GCC_NO_COMMON_BLOCKS = YES;
				GCC_WARN_64_TO_32_BIT_CONVERSION = YES;
				GCC_WARN_ABOUT_RETURN_TYPE = YES_ERROR;
				GCC_WARN_UNDECLARED_SELECTOR = YES;
				GCC_WARN_UNINITIALIZED_AUTOS = YES_AGGRESSIVE;
				GCC_WARN_UNUSED_FUNCTION = YES;
				GCC_WARN_UNUSED_VARIABLE = YES;
				IPHONEOS_DEPLOYMENT_TARGET = 11.4;
				MTL_ENABLE_DEBUG_INFO = NO;
				SDKROOT = iphoneos;
				SWIFT_COMPILATION_MODE = wholemodule;
				SWIFT_OPTIMIZATION_LEVEL = "-O";
				VALIDATE_PRODUCT = YES;
			};
			name = Release;
		};
		A36133D020C665A70022F27C /* Debug */ = {
			isa = XCBuildConfiguration;
			baseConfigurationReference = 5ECEE1FADC6C7F777DB3FBE7 /* Pods-MetalFilters.debug.xcconfig */;
			buildSettings = {
				ASSETCATALOG_COMPILER_APPICON_NAME = AppIcon;
				CODE_SIGN_STYLE = Automatic;
				DEVELOPMENT_TEAM = LX863G777H;
				INFOPLIST_FILE = MetalFilters/Info.plist;
				IPHONEOS_DEPLOYMENT_TARGET = 11.0;
				LD_RUNPATH_SEARCH_PATHS = (
					"$(inherited)",
					"@executable_path/Frameworks",
				);
				MTL_HEADER_SEARCH_PATHS = "${PODS_CONFIGURATION_BUILD_DIR}/MetalPetal/MetalPetal.framework/Headers";
				PRODUCT_BUNDLE_IDENTIFIER = me.shuifeng.MetalFilters;
				PRODUCT_NAME = "$(TARGET_NAME)";
				SWIFT_VERSION = 4.0;
				TARGETED_DEVICE_FAMILY = "1,2";
			};
			name = Debug;
		};
		A36133D120C665A70022F27C /* Release */ = {
			isa = XCBuildConfiguration;
			baseConfigurationReference = 8CF694358EC8CD79BA5C6B8E /* Pods-MetalFilters.release.xcconfig */;
			buildSettings = {
				ASSETCATALOG_COMPILER_APPICON_NAME = AppIcon;
				CODE_SIGN_STYLE = Automatic;
				DEVELOPMENT_TEAM = LX863G777H;
				INFOPLIST_FILE = MetalFilters/Info.plist;
				IPHONEOS_DEPLOYMENT_TARGET = 11.0;
				LD_RUNPATH_SEARCH_PATHS = (
					"$(inherited)",
					"@executable_path/Frameworks",
				);
				MTL_HEADER_SEARCH_PATHS = "${PODS_CONFIGURATION_BUILD_DIR}/MetalPetal/MetalPetal.framework/Headers";
				PRODUCT_BUNDLE_IDENTIFIER = me.shuifeng.MetalFilters;
				PRODUCT_NAME = "$(TARGET_NAME)";
				SWIFT_VERSION = 4.0;
				TARGETED_DEVICE_FAMILY = "1,2";
			};
			name = Release;
		};
/* End XCBuildConfiguration section */

/* Begin XCConfigurationList section */
		A36133B820C665A70022F27C /* Build configuration list for PBXProject "MetalFilters" */ = {
			isa = XCConfigurationList;
			buildConfigurations = (
				A36133CD20C665A70022F27C /* Debug */,
				A36133CE20C665A70022F27C /* Release */,
			);
			defaultConfigurationIsVisible = 0;
			defaultConfigurationName = Release;
		};
		A36133CF20C665A70022F27C /* Build configuration list for PBXNativeTarget "MetalFilters" */ = {
			isa = XCConfigurationList;
			buildConfigurations = (
				A36133D020C665A70022F27C /* Debug */,
				A36133D120C665A70022F27C /* Release */,
			);
			defaultConfigurationIsVisible = 0;
			defaultConfigurationName = Release;
		};
/* End XCConfigurationList section */
	};
	rootObject = A36133B520C665A70022F27C /* Project object */;
}
